
Microsoft Visual Studio Solution File, Format Version 11.00
# Visual Studio 2010
Project("{8BC9CEB8-8B4A-11D0-8D11-00A0C91BC942}") = "DHCPLite", "DHCPLite.vcxproj", "{46F41989-D633-BDE6-9698-2D488F0AFCA6}"
EndProject
Global
	GlobalSection(SolutionConfigurationPlatforms) = preSolution
		Debug|Win32 = Debug|x64
		Release|Win32 = Release|x64
	EndGlobalSection
	GlobalSection(ProjectConfigurationPlatforms) = postSolution
		{46F41989-D633-BDE6-9698-2D488F0AFCA6}.Debug|x64.ActiveCfg = Debug|x64
		{46F41989-D633-BDE6-9698-2D488F0AFCA6}.Debug|x64.Build.0 = Debug|x64
		{46F41989-D633-BDE6-9698-2D488F0AFCA6}.Release|x64.ActiveCfg = Release|x64
		{46F41989-D633-BDE6-9698-2D488F0AFCA6}.Release|x64.Build.0 = Release|x64
	EndGlobalSection
	GlobalSection(SolutionProperties) = preSolution
		HideSolutionNode = FALSE
	EndGlobalSection
EndGlobal
